
Microsoft Visual Studio Solution File, Format Version 12.00
# Visual Studio Version 16
VisualStudioVersion = 16.0.29709.97
MinimumVisualStudioVersion = 10.0.40219.1
Project("{E24C65DC-7377-472B-9ABA-BC803B73C61A}") = "Mantenedor", ".", "{C98E86CC-4BCE-4899-B5EA-E0EC8EF80BFD}"
	ProjectSection(WebsiteProperties) = preProject
		TargetFrameworkMoniker = ".NETFramework,Version%3Dv4.8"
		ProjectReferences = ""
		Debug.AspNetCompiler.VirtualPath = "/localhost_63152"
		Debug.AspNetCompiler.PhysicalPath = "..\Fuente\"
		Debug.AspNetCompiler.TargetPath = "PrecompiledWeb\localhost_63152\"
		Debug.AspNetCompiler.Updateable = "true"
		Debug.AspNetCompiler.ForceOverwrite = "true"
		Debug.AspNetCompiler.FixedNames = "false"
		Debug.AspNetCompiler.Debug = "True"
		Release.AspNetCompiler.VirtualPath = "/localhost_63152"
		Release.AspNetCompiler.PhysicalPath = "..\Fuente\"
		Release.AspNetCompiler.TargetPath = "PrecompiledWeb\localhost_63152\"
		Release.AspNetCompiler.Updateable = "true"
		Release.AspNetCompiler.ForceOverwrite = "true"
		Release.AspNetCompiler.FixedNames = "false"
		Release.AspNetCompiler.Debug = "False"
		VWDPort = "63152"
		SlnRelativePath = "..\Fuente\"
	EndProjectSection
EndProject
Global
	GlobalSection(SolutionConfigurationPlatforms) = preSolution
		Debug|Any CPU = Debug|Any CPU
		Release|Any CPU = Release|Any CPU
	EndGlobalSection
	GlobalSection(ProjectConfigurationPlatforms) = postSolution
		{C98E86CC-4BCE-4899-B5EA-E0EC8EF80BFD}.Debug|Any CPU.ActiveCfg = Debug|Any CPU
		{C98E86CC-4BCE-4899-B5EA-E0EC8EF80BFD}.Debug|Any CPU.Build.0 = Debug|Any CPU
		{C98E86CC-4BCE-4899-B5EA-E0EC8EF80BFD}.Release|Any CPU.ActiveCfg = Debug|Any CPU
		{C98E86CC-4BCE-4899-B5EA-E0EC8EF80BFD}.Release|Any CPU.Build.0 = Debug|Any CPU
	EndGlobalSection
	GlobalSection(SolutionProperties) = preSolution
		HideSolutionNode = FALSE
	EndGlobalSection
	GlobalSection(ExtensibilityGlobals) = postSolution
		SolutionGuid = {DC0B13F9-E8BD-43D2-AF67-C31359A55A4B}
	EndGlobalSection
EndGlobal
